# THIS IS AN AUTOGENERATED FILE. DO NOT EDIT THIS FILE DIRECTLY.
# yarn lockfile v1


"@types/node@*":
  version "16.10.3"
  resolved "https://registry.yarnpkg.com/@types/node/-/node-16.10.3.tgz#7a8f2838603ea314d1d22bb3171d899e15c57bd5"
  integrity sha512-ho3Ruq+fFnBrZhUYI46n/bV2GjwzSkwuT4dTf0GkuNFmnb8nq4ny2z9JEVemFi6bdEJanHLlYfy9c6FN9B9McQ==

"@types/papaparse@5.2.0":
  version "5.2.0"
  resolved "https://registry.yarnpkg.com/@types/papaparse/-/papaparse-5.2.0.tgz#6eb999e8b750746471c19274dbdce541de7885ab"
  integrity sha512-c5JO2AnHafLfQvGPggBIIHrmYTkIYlathYHQP72jhUtbzko3DrXCnudRN7y6+/WbHdjOQvuxUslGhshIO0V1WA==
  dependencies:
    "@types/node" "*"

papaparse@5.2.0:
  version "5.2.0"
  resolved "https://registry.yarnpkg.com/papaparse/-/papaparse-5.2.0.tgz#97976a1b135c46612773029153dc64995caa3b7b"
  integrity sha512-ylq1wgUSnagU+MKQtNeVqrPhZuMYBvOSL00DHycFTCxownF95gpLAk1HiHdUW77N8yxRq1qHXLdlIPyBSG9NSA==
